
Microsoft Visual Studio Solution File, Format Version 12.00
# Visual Studio Version 16
VisualStudioVersion = 16.0.28803.202
MinimumVisualStudioVersion = 10.0.40219.1
Project("{9A19103F-16F7-4668-BE54-9A1E7A4F7556}") = "LogFileReader", "LogFileReader\LogFileReader.csproj", "{F35C9860-C732-4246-AD5F-270CE2DCEC28}"
EndProject
Project("{FAE04EC0-301F-11D3-BF4B-00C04F79EFBC}") = "EqbConsole", "EqbConsole\EqbConsole.csproj", "{EFE3F820-511D-479B-8CDF-C1A252DEED0C}"
EndProject
Project("{FAE04EC0-301F-11D3-BF4B-00C04F79EFBC}") = "LineParser", "LineParser\LineParser.csproj", "{91E80133-D998-4408-927C-D26351ECA72F}"
EndProject
Project("{2150E333-8FDC-42A3-9474-1A3956D46DE8}") = "UnitTests", "UnitTests", "{D127BE1C-B4A0-4ADE-8D88-0389FDB0FE12}"
EndProject
Project("{FAE04EC0-301F-11D3-BF4B-00C04F79EFBC}") = "LogObjectsTests", "UnitTests\LineParserTests\LogObjectsTests.csproj", "{4E633AD0-9996-49FF-95D1-8EA923A0DA99}"
EndProject
Project("{FAE04EC0-301F-11D3-BF4B-00C04F79EFBC}") = "BizObjects", "BizObjects\BizObjects.csproj", "{12FB6473-3678-4658-AFA0-EF6102727E43}"
EndProject
Project("{FAE04EC0-301F-11D3-BF4B-00C04F79EFBC}") = "BizObjectsTest", "UnitTests\BizObjectsTest\BizObjectsTest.csproj", "{64BB3FA3-C835-4244-A8BF-30987792AC49}"
EndProject
Project("{FAE04EC0-301F-11D3-BF4B-00C04F79EFBC}") = "LogObjects", "LogObjects\LogObjects.csproj", "{3A9C19D9-F3EC-46E5-9C9C-A2D15C48CCEB}"
EndProject
Global
	GlobalSection(SolutionConfigurationPlatforms) = preSolution
		Debug|Any CPU = Debug|Any CPU
		Release|Any CPU = Release|Any CPU
	EndGlobalSection
	GlobalSection(ProjectConfigurationPlatforms) = postSolution
		{F35C9860-C732-4246-AD5F-270CE2DCEC28}.Debug|Any CPU.ActiveCfg = Debug|Any CPU
		{F35C9860-C732-4246-AD5F-270CE2DCEC28}.Debug|Any CPU.Build.0 = Debug|Any CPU
		{F35C9860-C732-4246-AD5F-270CE2DCEC28}.Release|Any CPU.ActiveCfg = Release|Any CPU
		{F35C9860-C732-4246-AD5F-270CE2DCEC28}.Release|Any CPU.Build.0 = Release|Any CPU
		{EFE3F820-511D-479B-8CDF-C1A252DEED0C}.Debug|Any CPU.ActiveCfg = Debug|Any CPU
		{EFE3F820-511D-479B-8CDF-C1A252DEED0C}.Debug|Any CPU.Build.0 = Debug|Any CPU
		{EFE3F820-511D-479B-8CDF-C1A252DEED0C}.Release|Any CPU.ActiveCfg = Release|Any CPU
		{EFE3F820-511D-479B-8CDF-C1A252DEED0C}.Release|Any CPU.Build.0 = Release|Any CPU
		{91E80133-D998-4408-927C-D26351ECA72F}.Debug|Any CPU.ActiveCfg = Debug|Any CPU
		{91E80133-D998-4408-927C-D26351ECA72F}.Debug|Any CPU.Build.0 = Debug|Any CPU
		{91E80133-D998-4408-927C-D26351ECA72F}.Release|Any CPU.ActiveCfg = Release|Any CPU
		{91E80133-D998-4408-927C-D26351ECA72F}.Release|Any CPU.Build.0 = Release|Any CPU
		{4E633AD0-9996-49FF-95D1-8EA923A0DA99}.Debug|Any CPU.ActiveCfg = Debug|Any CPU
		{4E633AD0-9996-49FF-95D1-8EA923A0DA99}.Debug|Any CPU.Build.0 = Debug|Any CPU
		{4E633AD0-9996-49FF-95D1-8EA923A0DA99}.Release|Any CPU.ActiveCfg = Release|Any CPU
		{4E633AD0-9996-49FF-95D1-8EA923A0DA99}.Release|Any CPU.Build.0 = Release|Any CPU
		{12FB6473-3678-4658-AFA0-EF6102727E43}.Debug|Any CPU.ActiveCfg = Debug|Any CPU
		{12FB6473-3678-4658-AFA0-EF6102727E43}.Debug|Any CPU.Build.0 = Debug|Any CPU
		{12FB6473-3678-4658-AFA0-EF6102727E43}.Release|Any CPU.ActiveCfg = Release|Any CPU
		{12FB6473-3678-4658-AFA0-EF6102727E43}.Release|Any CPU.Build.0 = Release|Any CPU
		{64BB3FA3-C835-4244-A8BF-30987792AC49}.Debug|Any CPU.ActiveCfg = Debug|Any CPU
		{64BB3FA3-C835-4244-A8BF-30987792AC49}.Debug|Any CPU.Build.0 = Debug|Any CPU
		{64BB3FA3-C835-4244-A8BF-30987792AC49}.Release|Any CPU.ActiveCfg = Release|Any CPU
		{64BB3FA3-C835-4244-A8BF-30987792AC49}.Release|Any CPU.Build.0 = Release|Any CPU
		{3A9C19D9-F3EC-46E5-9C9C-A2D15C48CCEB}.Debug|Any CPU.ActiveCfg = Debug|Any CPU
		{3A9C19D9-F3EC-46E5-9C9C-A2D15C48CCEB}.Debug|Any CPU.Build.0 = Debug|Any CPU
		{3A9C19D9-F3EC-46E5-9C9C-A2D15C48CCEB}.Release|Any CPU.ActiveCfg = Release|Any CPU
		{3A9C19D9-F3EC-46E5-9C9C-A2D15C48CCEB}.Release|Any CPU.Build.0 = Release|Any CPU
	EndGlobalSection
	GlobalSection(SolutionProperties) = preSolution
		HideSolutionNode = FALSE
	EndGlobalSection
	GlobalSection(NestedProjects) = preSolution
		{4E633AD0-9996-49FF-95D1-8EA923A0DA99} = {D127BE1C-B4A0-4ADE-8D88-0389FDB0FE12}
		{64BB3FA3-C835-4244-A8BF-30987792AC49} = {D127BE1C-B4A0-4ADE-8D88-0389FDB0FE12}
	EndGlobalSection
	GlobalSection(ExtensibilityGlobals) = postSolution
		SolutionGuid = {3FCC3215-8A61-46CB-87E4-6E4627DBD56E}
	EndGlobalSection
EndGlobal
